# This file is automatically @generated by Cargo.
# It is not intended for manual editing.
version = 4

[[package]]
name = "cy-editor-agent"
version = "0.5.0"
dependencies = [
 "cy-editor-commands",
 "cy-editor-core",
 "cy-editor-documents",
 "cy-editor-protocol",
 "cy-editor-services",
 "cy-editor-viewport",
]

[[package]]
name = "cy-editor-app"
version = "0.5.0"
dependencies = [
 "cy-editor-commands",
 "cy-editor-core",
 "cy-editor-documents",
 "cy-editor-protocol",
 "cy-editor-sdk",
 "cy-editor-services",
 "cy-editor-testhost",
 "cy-editor-viewmodels",
]

[[package]]
name = "cy-editor-commands"
version = "0.5.0"
dependencies = [
 "cy-editor-core",
 "cy-editor-documents",
]

[[package]]
name = "cy-editor-core"
version = "0.5.0"

[[package]]
name = "cy-editor-documents"
version = "0.5.0"
dependencies = [
 "cy-editor-core",
]

[[package]]
name = "cy-editor-interface"
version = "0.5.0"
dependencies = [
 "cy-editor-commands",
 "cy-editor-core",
 "cy-editor-documents",
 "cy-editor-reflection",
 "cy-editor-sdk",
 "cy-editor-services",
 "cy-editor-testhost",
 "cy-editor-visual",
]

[[package]]
name = "cy-editor-protocol"
version = "0.5.0"
dependencies = [
 "cy-editor-core",
]

[[package]]
name = "cy-editor-reflection"
version = "0.5.0"
dependencies = [
 "cy-editor-core",
 "cy-editor-documents",
 "cy-editor-sdk",
 "cy-editor-testhost",
]

[[package]]
name = "cy-editor-sdk"
version = "0.5.0"
dependencies = [
 "cy-editor-core",
]

[[package]]
name = "cy-editor-services"
version = "0.5.0"
dependencies = [
 "cy-editor-commands",
 "cy-editor-core",
 "cy-editor-documents",
 "cy-editor-protocol",
 "cy-editor-sdk",
]

[[package]]
name = "cy-editor-testhost"
version = "0.5.0"
dependencies = [
 "cy-editor-core",
 "cy-editor-protocol",
 "cy-editor-sdk",
]

[[package]]
name = "cy-editor-viewmodels"
version = "0.5.0"
dependencies = [
 "cy-editor-commands",
 "cy-editor-core",
 "cy-editor-documents",
 "cy-editor-services",
]

[[package]]
name = "cy-editor-viewport"
version = "0.5.0"
dependencies = [
 "cy-editor-core",
 "cy-editor-documents",
 "cy-editor-protocol",
]

[[package]]
name = "cy-editor-visual"
version = "0.5.0"
dependencies = [
 "cy-editor-core",
]
